
Microsoft Visual Studio Solution File, Format Version 12.00
# Visual Studio Version 17
VisualStudioVersion = 17.0.31903.59
MinimumVisualStudioVersion = 10.0.40219.1
Project("{FAE04EC0-301F-11D3-BF4B-00C04F79EFBC}") = "DecisionTheoryLab1", "DecisionTheoryLab1\DecisionTheoryLab1.csproj", "{6983AA24-4542-4600-901A-D7D1569A0165}"
EndProject
Project("{FAE04EC0-301F-11D3-BF4B-00C04F79EFBC}") = "DecisionTheoryLab1.Tests", "DecisionTheoryLab1.Tests\DecisionTheoryLab1.Tests.csproj", "{97AE0BBC-C2BE-4BC2-A284-B7AEDB26EAC7}"
EndProject
Global
	GlobalSection(SolutionConfigurationPlatforms) = preSolution
		Debug|Any CPU = Debug|Any CPU
		Debug|x64 = Debug|x64
		Debug|x86 = Debug|x86
		Release|Any CPU = Release|Any CPU
		Release|x64 = Release|x64
		Release|x86 = Release|x86
	EndGlobalSection
	GlobalSection(ProjectConfigurationPlatforms) = postSolution
		{6983AA24-4542-4600-901A-D7D1569A0165}.Debug|Any CPU.ActiveCfg = Debug|Any CPU
		{6983AA24-4542-4600-901A-D7D1569A0165}.Debug|Any CPU.Build.0 = Debug|Any CPU
		{6983AA24-4542-4600-901A-D7D1569A0165}.Debug|x64.ActiveCfg = Debug|Any CPU
		{6983AA24-4542-4600-901A-D7D1569A0165}.Debug|x64.Build.0 = Debug|Any CPU
		{6983AA24-4542-4600-901A-D7D1569A0165}.Debug|x86.ActiveCfg = Debug|Any CPU
		{6983AA24-4542-4600-901A-D7D1569A0165}.Debug|x86.Build.0 = Debug|Any CPU
		{6983AA24-4542-4600-901A-D7D1569A0165}.Release|Any CPU.ActiveCfg = Release|Any CPU
		{6983AA24-4542-4600-901A-D7D1569A0165}.Release|Any CPU.Build.0 = Release|Any CPU
		{6983AA24-4542-4600-901A-D7D1569A0165}.Release|x64.ActiveCfg = Release|Any CPU
		{6983AA24-4542-4600-901A-D7D1569A0165}.Release|x64.Build.0 = Release|Any CPU
		{6983AA24-4542-4600-901A-D7D1569A0165}.Release|x86.ActiveCfg = Release|Any CPU
		{6983AA24-4542-4600-901A-D7D1569A0165}.Release|x86.Build.0 = Release|Any CPU
		{97AE0BBC-C2BE-4BC2-A284-B7AEDB26EAC7}.Debug|Any CPU.ActiveCfg = Debug|Any CPU
		{97AE0BBC-C2BE-4BC2-A284-B7AEDB26EAC7}.Debug|Any CPU.Build.0 = Debug|Any CPU
		{97AE0BBC-C2BE-4BC2-A284-B7AEDB26EAC7}.Debug|x64.ActiveCfg = Debug|Any CPU
		{97AE0BBC-C2BE-4BC2-A284-B7AEDB26EAC7}.Debug|x64.Build.0 = Debug|Any CPU
		{97AE0BBC-C2BE-4BC2-A284-B7AEDB26EAC7}.Debug|x86.ActiveCfg = Debug|Any CPU
		{97AE0BBC-C2BE-4BC2-A284-B7AEDB26EAC7}.Debug|x86.Build.0 = Debug|Any CPU
		{97AE0BBC-C2BE-4BC2-A284-B7AEDB26EAC7}.Release|Any CPU.ActiveCfg = Release|Any CPU
		{97AE0BBC-C2BE-4BC2-A284-B7AEDB26EAC7}.Release|Any CPU.Build.0 = Release|Any CPU
		{97AE0BBC-C2BE-4BC2-A284-B7AEDB26EAC7}.Release|x64.ActiveCfg = Release|Any CPU
		{97AE0BBC-C2BE-4BC2-A284-B7AEDB26EAC7}.Release|x64.Build.0 = Release|Any CPU
		{97AE0BBC-C2BE-4BC2-A284-B7AEDB26EAC7}.Release|x86.ActiveCfg = Release|Any CPU
		{97AE0BBC-C2BE-4BC2-A284-B7AEDB26EAC7}.Release|x86.Build.0 = Release|Any CPU
	EndGlobalSection
	GlobalSection(SolutionProperties) = preSolution
		HideSolutionNode = FALSE
	EndGlobalSection
EndGlobal
