
Microsoft Visual Studio Solution File, Format Version 12.00
# Visual Studio Version 17
VisualStudioVersion = 17.0.31903.59
MinimumVisualStudioVersion = 10.0.40219.1
Project("{2150E333-8FDC-42A3-9474-1A3956D46DE8}") = "src", "src", "{827E0CD3-B72D-47B6-A68D-7590B98EB39B}"
EndProject
Project("{FAE04EC0-301F-11D3-BF4B-00C04F79EFBC}") = "SolidShowcase.Core", "src\SolidShowcase.Core\SolidShowcase.Core.csproj", "{389522A2-8865-48C1-9E2C-702E379C73D3}"
EndProject
Project("{FAE04EC0-301F-11D3-BF4B-00C04F79EFBC}") = "SolidShowcase.Wpf", "src\SolidShowcase.Wpf\SolidShowcase.Wpf.csproj", "{59DE5A6B-F10B-4FBC-B9D2-13713AFE9CC4}"
EndProject
Project("{FAE04EC0-301F-11D3-BF4B-00C04F79EFBC}") = "SolidShowcase.Web", "src\SolidShowcase.Web\SolidShowcase.Web.csproj", "{4993DB5F-1ECD-47AD-B5E0-33E1CA2BBE25}"
EndProject
Project("{FAE04EC0-301F-11D3-BF4B-00C04F79EFBC}") = "SolidShowcase.Tests", "tests\SolidShowcase.Tests\SolidShowcase.Tests.csproj", "{F064E9E1-2238-47E5-B44D-BD88163C1851}"
EndProject
Global
	GlobalSection(SolutionConfigurationPlatforms) = preSolution
		Debug|Any CPU = Debug|Any CPU
		Debug|x64 = Debug|x64
		Debug|x86 = Debug|x86
		Release|Any CPU = Release|Any CPU
		Release|x64 = Release|x64
		Release|x86 = Release|x86
	EndGlobalSection
	GlobalSection(ProjectConfigurationPlatforms) = postSolution
		{389522A2-8865-48C1-9E2C-702E379C73D3}.Debug|Any CPU.ActiveCfg = Debug|Any CPU
		{389522A2-8865-48C1-9E2C-702E379C73D3}.Debug|Any CPU.Build.0 = Debug|Any CPU
		{389522A2-8865-48C1-9E2C-702E379C73D3}.Debug|x64.ActiveCfg = Debug|Any CPU
		{389522A2-8865-48C1-9E2C-702E379C73D3}.Debug|x64.Build.0 = Debug|Any CPU
		{389522A2-8865-48C1-9E2C-702E379C73D3}.Debug|x86.ActiveCfg = Debug|Any CPU
		{389522A2-8865-48C1-9E2C-702E379C73D3}.Debug|x86.Build.0 = Debug|Any CPU
		{389522A2-8865-48C1-9E2C-702E379C73D3}.Release|Any CPU.ActiveCfg = Release|Any CPU
		{389522A2-8865-48C1-9E2C-702E379C73D3}.Release|Any CPU.Build.0 = Release|Any CPU
		{389522A2-8865-48C1-9E2C-702E379C73D3}.Release|x64.ActiveCfg = Release|Any CPU
		{389522A2-8865-48C1-9E2C-702E379C73D3}.Release|x64.Build.0 = Release|Any CPU
		{389522A2-8865-48C1-9E2C-702E379C73D3}.Release|x86.ActiveCfg = Release|Any CPU
		{389522A2-8865-48C1-9E2C-702E379C73D3}.Release|x86.Build.0 = Release|Any CPU
		{59DE5A6B-F10B-4FBC-B9D2-13713AFE9CC4}.Debug|Any CPU.ActiveCfg = Debug|Any CPU
		{59DE5A6B-F10B-4FBC-B9D2-13713AFE9CC4}.Debug|Any CPU.Build.0 = Debug|Any CPU
		{59DE5A6B-F10B-4FBC-B9D2-13713AFE9CC4}.Debug|x64.ActiveCfg = Debug|Any CPU
		{59DE5A6B-F10B-4FBC-B9D2-13713AFE9CC4}.Debug|x64.Build.0 = Debug|Any CPU
		{59DE5A6B-F10B-4FBC-B9D2-13713AFE9CC4}.Debug|x86.ActiveCfg = Debug|Any CPU
		{59DE5A6B-F10B-4FBC-B9D2-13713AFE9CC4}.Debug|x86.Build.0 = Debug|Any CPU
		{59DE5A6B-F10B-4FBC-B9D2-13713AFE9CC4}.Release|Any CPU.ActiveCfg = Release|Any CPU
		{59DE5A6B-F10B-4FBC-B9D2-13713AFE9CC4}.Release|Any CPU.Build.0 = Release|Any CPU
		{59DE5A6B-F10B-4FBC-B9D2-13713AFE9CC4}.Release|x64.ActiveCfg = Release|Any CPU
		{59DE5A6B-F10B-4FBC-B9D2-13713AFE9CC4}.Release|x64.Build.0 = Release|Any CPU
		{59DE5A6B-F10B-4FBC-B9D2-13713AFE9CC4}.Release|x86.ActiveCfg = Release|Any CPU
		{59DE5A6B-F10B-4FBC-B9D2-13713AFE9CC4}.Release|x86.Build.0 = Release|Any CPU
		{4993DB5F-1ECD-47AD-B5E0-33E1CA2BBE25}.Debug|Any CPU.ActiveCfg = Debug|Any CPU
		{4993DB5F-1ECD-47AD-B5E0-33E1CA2BBE25}.Debug|Any CPU.Build.0 = Debug|Any CPU
		{4993DB5F-1ECD-47AD-B5E0-33E1CA2BBE25}.Debug|x64.ActiveCfg = Debug|Any CPU
		{4993DB5F-1ECD-47AD-B5E0-33E1CA2BBE25}.Debug|x64.Build.0 = Debug|Any CPU
		{4993DB5F-1ECD-47AD-B5E0-33E1CA2BBE25}.Debug|x86.ActiveCfg = Debug|Any CPU
		{4993DB5F-1ECD-47AD-B5E0-33E1CA2BBE25}.Debug|x86.Build.0 = Debug|Any CPU
		{4993DB5F-1ECD-47AD-B5E0-33E1CA2BBE25}.Release|Any CPU.ActiveCfg = Release|Any CPU
		{4993DB5F-1ECD-47AD-B5E0-33E1CA2BBE25}.Release|Any CPU.Build.0 = Release|Any CPU
		{4993DB5F-1ECD-47AD-B5E0-33E1CA2BBE25}.Release|x64.ActiveCfg = Release|Any CPU
		{4993DB5F-1ECD-47AD-B5E0-33E1CA2BBE25}.Release|x64.Build.0 = Release|Any CPU
		{4993DB5F-1ECD-47AD-B5E0-33E1CA2BBE25}.Release|x86.ActiveCfg = Release|Any CPU
		{4993DB5F-1ECD-47AD-B5E0-33E1CA2BBE25}.Release|x86.Build.0 = Release|Any CPU
		{F064E9E1-2238-47E5-B44D-BD88163C1851}.Debug|Any CPU.ActiveCfg = Debug|Any CPU
		{F064E9E1-2238-47E5-B44D-BD88163C1851}.Debug|Any CPU.Build.0 = Debug|Any CPU
		{F064E9E1-2238-47E5-B44D-BD88163C1851}.Debug|x64.ActiveCfg = Debug|Any CPU
		{F064E9E1-2238-47E5-B44D-BD88163C1851}.Debug|x64.Build.0 = Debug|Any CPU
		{F064E9E1-2238-47E5-B44D-BD88163C1851}.Debug|x86.ActiveCfg = Debug|Any CPU
		{F064E9E1-2238-47E5-B44D-BD88163C1851}.Debug|x86.Build.0 = Debug|Any CPU
		{F064E9E1-2238-47E5-B44D-BD88163C1851}.Release|Any CPU.ActiveCfg = Release|Any CPU
		{F064E9E1-2238-47E5-B44D-BD88163C1851}.Release|Any CPU.Build.0 = Release|Any CPU
		{F064E9E1-2238-47E5-B44D-BD88163C1851}.Release|x64.ActiveCfg = Release|Any CPU
		{F064E9E1-2238-47E5-B44D-BD88163C1851}.Release|x64.Build.0 = Release|Any CPU
		{F064E9E1-2238-47E5-B44D-BD88163C1851}.Release|x86.ActiveCfg = Release|Any CPU
		{F064E9E1-2238-47E5-B44D-BD88163C1851}.Release|x86.Build.0 = Release|Any CPU
	EndGlobalSection
	GlobalSection(SolutionProperties) = preSolution
		HideSolutionNode = FALSE
	EndGlobalSection
	GlobalSection(NestedProjects) = preSolution
		{389522A2-8865-48C1-9E2C-702E379C73D3} = {827E0CD3-B72D-47B6-A68D-7590B98EB39B}
		{59DE5A6B-F10B-4FBC-B9D2-13713AFE9CC4} = {827E0CD3-B72D-47B6-A68D-7590B98EB39B}
		{4993DB5F-1ECD-47AD-B5E0-33E1CA2BBE25} = {827E0CD3-B72D-47B6-A68D-7590B98EB39B}
		{F064E9E1-2238-47E5-B44D-BD88163C1851} = {827E0CD3-B72D-47B6-A68D-7590B98EB39B}
	EndGlobalSection
EndGlobal
